// !$*UTF8*$!
{
	archiveVersion = 1;
	classes = {
	};
	objectVersion = 56;
	objects = {

/* Begin PBXBuildFile section */
		5D2AF09129C34B0B00481A7F /* CategoryView.swift in Sources */ = {isa = PBXBuildFile; fileRef = 5D2AF09029C34B0B00481A7F /* CategoryView.swift */; };
		5D2AF09329C34CC300481A7F /* NavigationView.swift in Sources */ = {isa = PBXBuildFile; fileRef = 5D2AF09229C34CC300481A7F /* NavigationView.swift */; };
		5D2AF09729C34D0A00481A7F /* MainCellHeaderView.swift in Sources */ = {isa = PBXBuildFile; fileRef = 5D2AF09629C34D0A00481A7F /* MainCellHeaderView.swift */; };
		5D2AF09929C34D5100481A7F /* ProfileView.swift in Sources */ = {isa = PBXBuildFile; fileRef = 5D2AF09829C34D5100481A7F /* ProfileView.swift */; };
		5D7888D829BBBBB5007FA886 /* Coordinator.swift in Sources */ = {isa = PBXBuildFile; fileRef = 5D7888D729BBBBB5007FA886 /* Coordinator.swift */; };
		5D7888DA29BBBBC9007FA886 /* AppCoordinator.swift in Sources */ = {isa = PBXBuildFile; fileRef = 5D7888D929BBBBC9007FA886 /* AppCoordinator.swift */; };
		5D7888DC29BBBBF7007FA886 /* TabBarCoordinator.swift in Sources */ = {isa = PBXBuildFile; fileRef = 5D7888DB29BBBBF7007FA886 /* TabBarCoordinator.swift */; };
		5D78FAB229BB12470006848E /* AppDelegate.swift in Sources */ = {isa = PBXBuildFile; fileRef = 5D78FAB129BB12470006848E /* AppDelegate.swift */; };
		5D78FAB429BB12470006848E /* SceneDelegate.swift in Sources */ = {isa = PBXBuildFile; fileRef = 5D78FAB329BB12470006848E /* SceneDelegate.swift */; };
		5D78FABB29BB124C0006848E /* Assets.xcassets in Resources */ = {isa = PBXBuildFile; fileRef = 5D78FABA29BB124C0006848E /* Assets.xcassets */; };
		5D78FABE29BB124C0006848E /* LaunchScreen.storyboard in Resources */ = {isa = PBXBuildFile; fileRef = 5D78FABC29BB124C0006848E /* LaunchScreen.storyboard */; };
		5D78FAC629BB248B0006848E /* SignInViewController.swift in Sources */ = {isa = PBXBuildFile; fileRef = 5D78FAC529BB248B0006848E /* SignInViewController.swift */; };
		5D78FAC829BB258D0006848E /* AuthField.swift in Sources */ = {isa = PBXBuildFile; fileRef = 5D78FAC729BB258D0006848E /* AuthField.swift */; };
		5D78FACA29BB26E30006848E /* UIView + Extension.swift in Sources */ = {isa = PBXBuildFile; fileRef = 5D78FAC929BB26E30006848E /* UIView + Extension.swift */; };
		5D78FACC29BB2F580006848E /* AuthButton.swift in Sources */ = {isa = PBXBuildFile; fileRef = 5D78FACB29BB2F580006848E /* AuthButton.swift */; };
		5D78FACE29BB38070006848E /* LogInViewController.swift in Sources */ = {isa = PBXBuildFile; fileRef = 5D78FACD29BB38070006848E /* LogInViewController.swift */; };
		5D7A2B8729BDD1CA00BBBBCA /* UserManager.swift in Sources */ = {isa = PBXBuildFile; fileRef = 5D7A2B8629BDD1CA00BBBBCA /* UserManager.swift */; };
		5D7A2B8929BDE49300BBBBCA /* MainViewModel.swift in Sources */ = {isa = PBXBuildFile; fileRef = 5D7A2B8829BDE49300BBBBCA /* MainViewModel.swift */; };
		5D7A2B8B29BDE56100BBBBCA /* NetworkService.swift in Sources */ = {isa = PBXBuildFile; fileRef = 5D7A2B8A29BDE56100BBBBCA /* NetworkService.swift */; };
		5D7B5C9B29BE31A500FB4050 /* Product.swift in Sources */ = {isa = PBXBuildFile; fileRef = 5D7B5C9A29BE31A500FB4050 /* Product.swift */; };
		5D7B5C9D29BE31BA00FB4050 /* FlashSale.swift in Sources */ = {isa = PBXBuildFile; fileRef = 5D7B5C9C29BE31BA00FB4050 /* FlashSale.swift */; };
		5D7CC8B429BB55DF00ABCD61 /* AuthManager.swift in Sources */ = {isa = PBXBuildFile; fileRef = 5D7CC8B329BB55DF00ABCD61 /* AuthManager.swift */; };
		5D7CC8B629BB56C700ABCD61 /* DatabaseManager.swift in Sources */ = {isa = PBXBuildFile; fileRef = 5D7CC8B529BB56C700ABCD61 /* DatabaseManager.swift */; };
		5D7CC8B829BB56ED00ABCD61 /* User.swift in Sources */ = {isa = PBXBuildFile; fileRef = 5D7CC8B729BB56ED00ABCD61 /* User.swift */; };
		5D7CC8C029BB669D00ABCD61 /* UIImageView + Extensions.swift in Sources */ = {isa = PBXBuildFile; fileRef = 5D7CC8BF29BB669D00ABCD61 /* UIImageView + Extensions.swift */; };
		5D7D3B8329C38EF500E42975 /* SignInViewModel.swift in Sources */ = {isa = PBXBuildFile; fileRef = 5D7D3B8229C38EF500E42975 /* SignInViewModel.swift */; };
		5D7F2A0E29BE45E900793645 /* CategoryProduct.swift in Sources */ = {isa = PBXBuildFile; fileRef = 5D7F2A0D29BE45E900793645 /* CategoryProduct.swift */; };
		5D7F2A1129BE496000793645 /* CategoryCollectionCellViewModel.swift in Sources */ = {isa = PBXBuildFile; fileRef = 5D7F2A1029BE496000793645 /* CategoryCollectionCellViewModel.swift */; };
		5D874C5029BF1E5C00E62ADA /* CategoryCollectionViewCell.swift in Sources */ = {isa = PBXBuildFile; fileRef = 5D874C4F29BF1E5C00E62ADA /* CategoryCollectionViewCell.swift */; };
		5D874C5429BF3AAC00E62ADA /* LatestCollectionViewCell.swift in Sources */ = {isa = PBXBuildFile; fileRef = 5D874C5329BF3AAC00E62ADA /* LatestCollectionViewCell.swift */; };
		5D874C5729BF3B2900E62ADA /* LatestCollectionCellViewModel.swift in Sources */ = {isa = PBXBuildFile; fileRef = 5D874C5629BF3B2900E62ADA /* LatestCollectionCellViewModel.swift */; };
		5D874C5929BF3B6700E62ADA /* LatestTableViewCell.swift in Sources */ = {isa = PBXBuildFile; fileRef = 5D874C5829BF3B6700E62ADA /* LatestTableViewCell.swift */; };
		5D8ED64229C46D08006F2935 /* CustomLabel.swift in Sources */ = {isa = PBXBuildFile; fileRef = 5D8ED64129C46D08006F2935 /* CustomLabel.swift */; };
		5D8ED64429C4768F006F2935 /* PasswordTextField.swift in Sources */ = {isa = PBXBuildFile; fileRef = 5D8ED64329C4768F006F2935 /* PasswordTextField.swift */; };
		5DB03DEF29BCB4EE003BEC44 /* CustomTabBarController.swift in Sources */ = {isa = PBXBuildFile; fileRef = 5DB03DEE29BCB4EE003BEC44 /* CustomTabBarController.swift */; };
		5DB03DF129BCB529003BEC44 /* TabBarPages.swift in Sources */ = {isa = PBXBuildFile; fileRef = 5DB03DF029BCB529003BEC44 /* TabBarPages.swift */; };
		5DB03DF329BCB584003BEC44 /* SignInCoordinator.swift in Sources */ = {isa = PBXBuildFile; fileRef = 5DB03DF229BCB584003BEC44 /* SignInCoordinator.swift */; };
		5DB03DF529BCB597003BEC44 /* LogInCoordinator.swift in Sources */ = {isa = PBXBuildFile; fileRef = 5DB03DF429BCB597003BEC44 /* LogInCoordinator.swift */; };
		5DB03DF729BCB5E5003BEC44 /* MainViewController.swift in Sources */ = {isa = PBXBuildFile; fileRef = 5DB03DF629BCB5E5003BEC44 /* MainViewController.swift */; };
		5DB03DF929BCB607003BEC44 /* MainCoordinator.swift in Sources */ = {isa = PBXBuildFile; fileRef = 5DB03DF829BCB607003BEC44 /* MainCoordinator.swift */; };
		5DDBB48E29C099EF0047DD67 /* FlashSaleCollectionViewCell.swift in Sources */ = {isa = PBXBuildFile; fileRef = 5DDBB48D29C099EF0047DD67 /* FlashSaleCollectionViewCell.swift */; };
		5DDBB49129C09A480047DD67 /* FlashSaleCollectionCellViewModel.swift in Sources */ = {isa = PBXBuildFile; fileRef = 5DDBB49029C09A480047DD67 /* FlashSaleCollectionCellViewModel.swift */; };
		5DDBB49329C09A600047DD67 /* FlashSaleTableViewCell.swift in Sources */ = {isa = PBXBuildFile; fileRef = 5DDBB49229C09A600047DD67 /* FlashSaleTableViewCell.swift */; };
/* End PBXBuildFile section */

/* Begin PBXFileReference section */
		5D2AF09029C34B0B00481A7F /* CategoryView.swift */ = {isa = PBXFileReference; lastKnownFileType = sourcecode.swift; path = CategoryView.swift; sourceTree = "<group>"; };
		5D2AF09229C34CC300481A7F /* NavigationView.swift */ = {isa = PBXFileReference; lastKnownFileType = sourcecode.swift; path = NavigationView.swift; sourceTree = "<group>"; };
		5D2AF09629C34D0A00481A7F /* MainCellHeaderView.swift */ = {isa = PBXFileReference; lastKnownFileType = sourcecode.swift; path = MainCellHeaderView.swift; sourceTree = "<group>"; };
		5D2AF09829C34D5100481A7F /* ProfileView.swift */ = {isa = PBXFileReference; lastKnownFileType = sourcecode.swift; path = ProfileView.swift; sourceTree = "<group>"; };
		5D7888D729BBBBB5007FA886 /* Coordinator.swift */ = {isa = PBXFileReference; lastKnownFileType = sourcecode.swift; path = Coordinator.swift; sourceTree = "<group>"; };
		5D7888D929BBBBC9007FA886 /* AppCoordinator.swift */ = {isa = PBXFileReference; lastKnownFileType = sourcecode.swift; path = AppCoordinator.swift; sourceTree = "<group>"; };
		5D7888DB29BBBBF7007FA886 /* TabBarCoordinator.swift */ = {isa = PBXFileReference; lastKnownFileType = sourcecode.swift; path = TabBarCoordinator.swift; sourceTree = "<group>"; };
		5D78FAAE29BB12470006848E /* TestTask.app */ = {isa = PBXFileReference; explicitFileType = wrapper.application; includeInIndex = 0; path = TestTask.app; sourceTree = BUILT_PRODUCTS_DIR; };
		5D78FAB129BB12470006848E /* AppDelegate.swift */ = {isa = PBXFileReference; lastKnownFileType = sourcecode.swift; path = AppDelegate.swift; sourceTree = "<group>"; };
		5D78FAB329BB12470006848E /* SceneDelegate.swift */ = {isa = PBXFileReference; lastKnownFileType = sourcecode.swift; path = SceneDelegate.swift; sourceTree = "<group>"; };
		5D78FABA29BB124C0006848E /* Assets.xcassets */ = {isa = PBXFileReference; lastKnownFileType = folder.assetcatalog; path = Assets.xcassets; sourceTree = "<group>"; };
		5D78FABD29BB124C0006848E /* Base */ = {isa = PBXFileReference; lastKnownFileType = file.storyboard; name = Base; path = Base.lproj/LaunchScreen.storyboard; sourceTree = "<group>"; };
		5D78FABF29BB124C0006848E /* Info.plist */ = {isa = PBXFileReference; lastKnownFileType = text.plist.xml; path = Info.plist; sourceTree = "<group>"; };
		5D78FAC529BB248B0006848E /* SignInViewController.swift */ = {isa = PBXFileReference; lastKnownFileType = sourcecode.swift; path = SignInViewController.swift; sourceTree = "<group>"; };
		5D78FAC729BB258D0006848E /* AuthField.swift */ = {isa = PBXFileReference; lastKnownFileType = sourcecode.swift; path = AuthField.swift; sourceTree = "<group>"; };
		5D78FAC929BB26E30006848E /* UIView + Extension.swift */ = {isa = PBXFileReference; lastKnownFileType = sourcecode.swift; path = "UIView + Extension.swift"; sourceTree = "<group>"; };
		5D78FACB29BB2F580006848E /* AuthButton.swift */ = {isa = PBXFileReference; lastKnownFileType = sourcecode.swift; path = AuthButton.swift; sourceTree = "<group>"; };
		5D78FACD29BB38070006848E /* LogInViewController.swift */ = {isa = PBXFileReference; lastKnownFileType = sourcecode.swift; path = LogInViewController.swift; sourceTree = "<group>"; };
		5D7A2B8629BDD1CA00BBBBCA /* UserManager.swift */ = {isa = PBXFileReference; lastKnownFileType = sourcecode.swift; path = UserManager.swift; sourceTree = "<group>"; };
		5D7A2B8829BDE49300BBBBCA /* MainViewModel.swift */ = {isa = PBXFileReference; lastKnownFileType = sourcecode.swift; path = MainViewModel.swift; sourceTree = "<group>"; };
		5D7A2B8A29BDE56100BBBBCA /* NetworkService.swift */ = {isa = PBXFileReference; lastKnownFileType = sourcecode.swift; path = NetworkService.swift; sourceTree = "<group>"; };
		5D7B5C9A29BE31A500FB4050 /* Product.swift */ = {isa = PBXFileReference; lastKnownFileType = sourcecode.swift; path = Product.swift; sourceTree = "<group>"; };
		5D7B5C9C29BE31BA00FB4050 /* FlashSale.swift */ = {isa = PBXFileReference; lastKnownFileType = sourcecode.swift; path = FlashSale.swift; sourceTree = "<group>"; };
		5D7CC8B329BB55DF00ABCD61 /* AuthManager.swift */ = {isa = PBXFileReference; lastKnownFileType = sourcecode.swift; path = AuthManager.swift; sourceTree = "<group>"; };
		5D7CC8B529BB56C700ABCD61 /* DatabaseManager.swift */ = {isa = PBXFileReference; lastKnownFileType = sourcecode.swift; path = DatabaseManager.swift; sourceTree = "<group>"; };
		5D7CC8B729BB56ED00ABCD61 /* User.swift */ = {isa = PBXFileReference; lastKnownFileType = sourcecode.swift; path = User.swift; sourceTree = "<group>"; };
		5D7CC8BF29BB669D00ABCD61 /* UIImageView + Extensions.swift */ = {isa = PBXFileReference; lastKnownFileType = sourcecode.swift; path = "UIImageView + Extensions.swift"; sourceTree = "<group>"; };
		5D7D3B8229C38EF500E42975 /* SignInViewModel.swift */ = {isa = PBXFileReference; lastKnownFileType = sourcecode.swift; path = SignInViewModel.swift; sourceTree = "<group>"; };
		5D7F2A0D29BE45E900793645 /* CategoryProduct.swift */ = {isa = PBXFileReference; lastKnownFileType = sourcecode.swift; path = CategoryProduct.swift; sourceTree = "<group>"; };
		5D7F2A1029BE496000793645 /* CategoryCollectionCellViewModel.swift */ = {isa = PBXFileReference; lastKnownFileType = sourcecode.swift; path = CategoryCollectionCellViewModel.swift; sourceTree = "<group>"; };
		5D874C4F29BF1E5C00E62ADA /* CategoryCollectionViewCell.swift */ = {isa = PBXFileReference; lastKnownFileType = sourcecode.swift; path = CategoryCollectionViewCell.swift; sourceTree = "<group>"; };
		5D874C5329BF3AAC00E62ADA /* LatestCollectionViewCell.swift */ = {isa = PBXFileReference; lastKnownFileType = sourcecode.swift; path = LatestCollectionViewCell.swift; sourceTree = "<group>"; };
		5D874C5629BF3B2900E62ADA /* LatestCollectionCellViewModel.swift */ = {isa = PBXFileReference; lastKnownFileType = sourcecode.swift; path = LatestCollectionCellViewModel.swift; sourceTree = "<group>"; };
		5D874C5829BF3B6700E62ADA /* LatestTableViewCell.swift */ = {isa = PBXFileReference; lastKnownFileType = sourcecode.swift; path = LatestTableViewCell.swift; sourceTree = "<group>"; };
		5D8ED64129C46D08006F2935 /* CustomLabel.swift */ = {isa = PBXFileReference; lastKnownFileType = sourcecode.swift; path = CustomLabel.swift; sourceTree = "<group>"; };
		5D8ED64329C4768F006F2935 /* PasswordTextField.swift */ = {isa = PBXFileReference; lastKnownFileType = sourcecode.swift; path = PasswordTextField.swift; sourceTree = "<group>"; };
		5DB03DEE29BCB4EE003BEC44 /* CustomTabBarController.swift */ = {isa = PBXFileReference; lastKnownFileType = sourcecode.swift; path = CustomTabBarController.swift; sourceTree = "<group>"; };
		5DB03DF029BCB529003BEC44 /* TabBarPages.swift */ = {isa = PBXFileReference; lastKnownFileType = sourcecode.swift; path = TabBarPages.swift; sourceTree = "<group>"; };
		5DB03DF229BCB584003BEC44 /* SignInCoordinator.swift */ = {isa = PBXFileReference; lastKnownFileType = sourcecode.swift; path = SignInCoordinator.swift; sourceTree = "<group>"; };
		5DB03DF429BCB597003BEC44 /* LogInCoordinator.swift */ = {isa = PBXFileReference; lastKnownFileType = sourcecode.swift; path = LogInCoordinator.swift; sourceTree = "<group>"; };
		5DB03DF629BCB5E5003BEC44 /* MainViewController.swift */ = {isa = PBXFileReference; lastKnownFileType = sourcecode.swift; path = MainViewController.swift; sourceTree = "<group>"; };
		5DB03DF829BCB607003BEC44 /* MainCoordinator.swift */ = {isa = PBXFileReference; lastKnownFileType = sourcecode.swift; path = MainCoordinator.swift; sourceTree = "<group>"; };
		5DDBB48D29C099EF0047DD67 /* FlashSaleCollectionViewCell.swift */ = {isa = PBXFileReference; lastKnownFileType = sourcecode.swift; path = FlashSaleCollectionViewCell.swift; sourceTree = "<group>"; };
		5DDBB49029C09A480047DD67 /* FlashSaleCollectionCellViewModel.swift */ = {isa = PBXFileReference; lastKnownFileType = sourcecode.swift; path = FlashSaleCollectionCellViewModel.swift; sourceTree = "<group>"; };
		5DDBB49229C09A600047DD67 /* FlashSaleTableViewCell.swift */ = {isa = PBXFileReference; lastKnownFileType = sourcecode.swift; path = FlashSaleTableViewCell.swift; sourceTree = "<group>"; };
/* End PBXFileReference section */

/* Begin PBXFrameworksBuildPhase section */
		5D78FAAB29BB12470006848E /* Frameworks */ = {
			isa = PBXFrameworksBuildPhase;
			buildActionMask = 2147483647;
			files = (
			);
			runOnlyForDeploymentPostprocessing = 0;
		};
/* End PBXFrameworksBuildPhase section */

/* Begin PBXGroup section */
		5D2AF09429C34CE700481A7F /* View */ = {
			isa = PBXGroup;
			children = (
				5D2AF09229C34CC300481A7F /* NavigationView.swift */,
				5D2AF09829C34D5100481A7F /* ProfileView.swift */,
			);
			path = View;
			sourceTree = "<group>";
		};
		5D2AF09529C34CF300481A7F /* Header */ = {
			isa = PBXGroup;
			children = (
				5D2AF09629C34D0A00481A7F /* MainCellHeaderView.swift */,
			);
			path = Header;
			sourceTree = "<group>";
		};
		5D78FAA529BB12470006848E = {
			isa = PBXGroup;
			children = (
				5D78FAB029BB12470006848E /* TestTask */,
				5D78FAAF29BB12470006848E /* Products */,
			);
			sourceTree = "<group>";
		};
		5D78FAAF29BB12470006848E /* Products */ = {
			isa = PBXGroup;
			children = (
				5D78FAAE29BB12470006848E /* TestTask.app */,
			);
			name = Products;
			sourceTree = "<group>";
		};
		5D78FAB029BB12470006848E /* TestTask */ = {
			isa = PBXGroup;
			children = (
				5D78FAB129BB12470006848E /* AppDelegate.swift */,
				5D78FAB329BB12470006848E /* SceneDelegate.swift */,
				5DB03DEB29BC7362003BEC44 /* Manager */,
				5DB03DED29BC7378003BEC44 /* Cordinator */,
				5D7CC8B929BB56F500ABCD61 /* Model */,
				5DB03DEC29BC736B003BEC44 /* SignIn */,
				5DB03DFA29BCB90D003BEC44 /* LogIn */,
				5DB03DFC29BCB94B003BEC44 /* TabBar */,
				5DB03DFB29BCB93E003BEC44 /* Main */,
				5D7CC8BE29BB65D500ABCD61 /* Extension */,
				5D78FABA29BB124C0006848E /* Assets.xcassets */,
				5D78FABC29BB124C0006848E /* LaunchScreen.storyboard */,
				5D78FABF29BB124C0006848E /* Info.plist */,
			);
			path = TestTask;
			sourceTree = "<group>";
		};
		5D7CC8B929BB56F500ABCD61 /* Model */ = {
			isa = PBXGroup;
			children = (
				5D7CC8B729BB56ED00ABCD61 /* User.swift */,
				5D7B5C9C29BE31BA00FB4050 /* FlashSale.swift */,
				5D7B5C9A29BE31A500FB4050 /* Product.swift */,
			);
			path = Model;
			sourceTree = "<group>";
		};
		5D7CC8BE29BB65D500ABCD61 /* Extension */ = {
			isa = PBXGroup;
			children = (
				5D78FAC729BB258D0006848E /* AuthField.swift */,
				5D8ED64329C4768F006F2935 /* PasswordTextField.swift */,
				5D78FACB29BB2F580006848E /* AuthButton.swift */,
				5D8ED64129C46D08006F2935 /* CustomLabel.swift */,
				5D78FAC929BB26E30006848E /* UIView + Extension.swift */,
				5D7CC8BF29BB669D00ABCD61 /* UIImageView + Extensions.swift */,
			);
			path = Extension;
			sourceTree = "<group>";
		};
		5D7F2A0F29BE45F800793645 /* CategoryCollection */ = {
			isa = PBXGroup;
			children = (
				5D2AF09029C34B0B00481A7F /* CategoryView.swift */,
				5D874C4F29BF1E5C00E62ADA /* CategoryCollectionViewCell.swift */,
				5D7F2A1029BE496000793645 /* CategoryCollectionCellViewModel.swift */,
				5D7F2A0D29BE45E900793645 /* CategoryProduct.swift */,
			);
			path = CategoryCollection;
			sourceTree = "<group>";
		};
		5D874C5529BF3AB300E62ADA /* LatestCollection */ = {
			isa = PBXGroup;
			children = (
				5D874C5329BF3AAC00E62ADA /* LatestCollectionViewCell.swift */,
				5D874C5629BF3B2900E62ADA /* LatestCollectionCellViewModel.swift */,
				5D874C5829BF3B6700E62ADA /* LatestTableViewCell.swift */,
			);
			path = LatestCollection;
			sourceTree = "<group>";
		};
		5DB03DEB29BC7362003BEC44 /* Manager */ = {
			isa = PBXGroup;
			children = (
				5D7CC8B329BB55DF00ABCD61 /* AuthManager.swift */,
				5D7A2B8629BDD1CA00BBBBCA /* UserManager.swift */,
				5D7CC8B529BB56C700ABCD61 /* DatabaseManager.swift */,
				5D7A2B8A29BDE56100BBBBCA /* NetworkService.swift */,
			);
			path = Manager;
			sourceTree = "<group>";
		};
		5DB03DEC29BC736B003BEC44 /* SignIn */ = {
			isa = PBXGroup;
			children = (
				5D78FAC529BB248B0006848E /* SignInViewController.swift */,
				5D7D3B8229C38EF500E42975 /* SignInViewModel.swift */,
				5DB03DF229BCB584003BEC44 /* SignInCoordinator.swift */,
			);
			path = SignIn;
			sourceTree = "<group>";
		};
		5DB03DED29BC7378003BEC44 /* Cordinator */ = {
			isa = PBXGroup;
			children = (
				5D7888D729BBBBB5007FA886 /* Coordinator.swift */,
				5D7888D929BBBBC9007FA886 /* AppCoordinator.swift */,
			);
			path = Cordinator;
			sourceTree = "<group>";
		};
		5DB03DFA29BCB90D003BEC44 /* LogIn */ = {
			isa = PBXGroup;
			children = (
				5D78FACD29BB38070006848E /* LogInViewController.swift */,
				5DB03DF429BCB597003BEC44 /* LogInCoordinator.swift */,
			);
			path = LogIn;
			sourceTree = "<group>";
		};
		5DB03DFB29BCB93E003BEC44 /* Main */ = {
			isa = PBXGroup;
			children = (
				5DB03DF629BCB5E5003BEC44 /* MainViewController.swift */,
				5D7A2B8829BDE49300BBBBCA /* MainViewModel.swift */,
				5DB03DF829BCB607003BEC44 /* MainCoordinator.swift */,
				5D2AF09429C34CE700481A7F /* View */,
				5D2AF09529C34CF300481A7F /* Header */,
				5D7F2A0F29BE45F800793645 /* CategoryCollection */,
				5D874C5529BF3AB300E62ADA /* LatestCollection */,
				5DDBB48F29C099F70047DD67 /* FlashSaleCollection */,
			);
			path = Main;
			sourceTree = "<group>";
		};
		5DB03DFC29BCB94B003BEC44 /* TabBar */ = {
			isa = PBXGroup;
			children = (
				5D7888DB29BBBBF7007FA886 /* TabBarCoordinator.swift */,
				5DB03DF029BCB529003BEC44 /* TabBarPages.swift */,
				5DB03DEE29BCB4EE003BEC44 /* CustomTabBarController.swift */,
			);
			path = TabBar;
			sourceTree = "<group>";
		};
		5DDBB48F29C099F70047DD67 /* FlashSaleCollection */ = {
			isa = PBXGroup;
			children = (
				5DDBB48D29C099EF0047DD67 /* FlashSaleCollectionViewCell.swift */,
				5DDBB49029C09A480047DD67 /* FlashSaleCollectionCellViewModel.swift */,
				5DDBB49229C09A600047DD67 /* FlashSaleTableViewCell.swift */,
			);
			path = FlashSaleCollection;
			sourceTree = "<group>";
		};
/* End PBXGroup section */

/* Begin PBXNativeTarget section */
		5D78FAAD29BB12470006848E /* TestTask */ = {
			isa = PBXNativeTarget;
			buildConfigurationList = 5D78FAC229BB124C0006848E /* Build configuration list for PBXNativeTarget "TestTask" */;
			buildPhases = (
				5D78FAAA29BB12470006848E /* Sources */,
				5D78FAAB29BB12470006848E /* Frameworks */,
				5D78FAAC29BB12470006848E /* Resources */,
			);
			buildRules = (
			);
			dependencies = (
			);
			name = TestTask;
			productName = TestTask;
			productReference = 5D78FAAE29BB12470006848E /* TestTask.app */;
			productType = "com.apple.product-type.application";
		};
/* End PBXNativeTarget section */

/* Begin PBXProject section */
		5D78FAA629BB12470006848E /* Project object */ = {
			isa = PBXProject;
			attributes = {
				BuildIndependentTargetsInParallel = 1;
				LastSwiftUpdateCheck = 1410;
				LastUpgradeCheck = 1410;
				TargetAttributes = {
					5D78FAAD29BB12470006848E = {
						CreatedOnToolsVersion = 14.1;
					};
				};
			};
			buildConfigurationList = 5D78FAA929BB12470006848E /* Build configuration list for PBXProject "TestTask" */;
			compatibilityVersion = "Xcode 14.0";
			developmentRegion = en;
			hasScannedForEncodings = 0;
			knownRegions = (
				en,
				Base,
			);
			mainGroup = 5D78FAA529BB12470006848E;
			productRefGroup = 5D78FAAF29BB12470006848E /* Products */;
			projectDirPath = "";
			projectRoot = "";
			targets = (
				5D78FAAD29BB12470006848E /* TestTask */,
			);
		};
/* End PBXProject section */

/* Begin PBXResourcesBuildPhase section */
		5D78FAAC29BB12470006848E /* Resources */ = {
			isa = PBXResourcesBuildPhase;
			buildActionMask = 2147483647;
			files = (
				5D78FABE29BB124C0006848E /* LaunchScreen.storyboard in Resources */,
				5D78FABB29BB124C0006848E /* Assets.xcassets in Resources */,
			);
			runOnlyForDeploymentPostprocessing = 0;
		};
/* End PBXResourcesBuildPhase section */

/* Begin PBXSourcesBuildPhase section */
		5D78FAAA29BB12470006848E /* Sources */ = {
			isa = PBXSourcesBuildPhase;
			buildActionMask = 2147483647;
			files = (
				5D78FAC829BB258D0006848E /* AuthField.swift in Sources */,
				5D7CC8B429BB55DF00ABCD61 /* AuthManager.swift in Sources */,
				5D2AF09729C34D0A00481A7F /* MainCellHeaderView.swift in Sources */,
				5D7A2B8B29BDE56100BBBBCA /* NetworkService.swift in Sources */,
				5DB03DF529BCB597003BEC44 /* LogInCoordinator.swift in Sources */,
				5D2AF09329C34CC300481A7F /* NavigationView.swift in Sources */,
				5D8ED64429C4768F006F2935 /* PasswordTextField.swift in Sources */,
				5D874C5929BF3B6700E62ADA /* LatestTableViewCell.swift in Sources */,
				5DB03DEF29BCB4EE003BEC44 /* CustomTabBarController.swift in Sources */,
				5D7888DA29BBBBC9007FA886 /* AppCoordinator.swift in Sources */,
				5DB03DF729BCB5E5003BEC44 /* MainViewController.swift in Sources */,
				5DDBB49129C09A480047DD67 /* FlashSaleCollectionCellViewModel.swift in Sources */,
				5D78FACC29BB2F580006848E /* AuthButton.swift in Sources */,
				5D874C5429BF3AAC00E62ADA /* LatestCollectionViewCell.swift in Sources */,
				5D78FAB229BB12470006848E /* AppDelegate.swift in Sources */,
				5D7CC8B629BB56C700ABCD61 /* DatabaseManager.swift in Sources */,
				5D7A2B8729BDD1CA00BBBBCA /* UserManager.swift in Sources */,
				5D2AF09929C34D5100481A7F /* ProfileView.swift in Sources */,
				5D7D3B8329C38EF500E42975 /* SignInViewModel.swift in Sources */,
				5D7B5C9D29BE31BA00FB4050 /* FlashSale.swift in Sources */,
				5D874C5029BF1E5C00E62ADA /* CategoryCollectionViewCell.swift in Sources */,
				5D7CC8C029BB669D00ABCD61 /* UIImageView + Extensions.swift in Sources */,
				5DDBB49329C09A600047DD67 /* FlashSaleTableViewCell.swift in Sources */,
				5D874C5729BF3B2900E62ADA /* LatestCollectionCellViewModel.swift in Sources */,
				5DDBB48E29C099EF0047DD67 /* FlashSaleCollectionViewCell.swift in Sources */,
				5DB03DF329BCB584003BEC44 /* SignInCoordinator.swift in Sources */,
				5DB03DF129BCB529003BEC44 /* TabBarPages.swift in Sources */,
				5D8ED64229C46D08006F2935 /* CustomLabel.swift in Sources */,
				5D7F2A1129BE496000793645 /* CategoryCollectionCellViewModel.swift in Sources */,
				5D78FAB429BB12470006848E /* SceneDelegate.swift in Sources */,
				5DB03DF929BCB607003BEC44 /* MainCoordinator.swift in Sources */,
				5D2AF09129C34B0B00481A7F /* CategoryView.swift in Sources */,
				5D78FACE29BB38070006848E /* LogInViewController.swift in Sources */,
				5D7B5C9B29BE31A500FB4050 /* Product.swift in Sources */,
				5D7888D829BBBBB5007FA886 /* Coordinator.swift in Sources */,
				5D78FACA29BB26E30006848E /* UIView + Extension.swift in Sources */,
				5D7888DC29BBBBF7007FA886 /* TabBarCoordinator.swift in Sources */,
				5D7CC8B829BB56ED00ABCD61 /* User.swift in Sources */,
				5D78FAC629BB248B0006848E /* SignInViewController.swift in Sources */,
				5D7A2B8929BDE49300BBBBCA /* MainViewModel.swift in Sources */,
				5D7F2A0E29BE45E900793645 /* CategoryProduct.swift in Sources */,
			);
			runOnlyForDeploymentPostprocessing = 0;
		};
/* End PBXSourcesBuildPhase section */

/* Begin PBXVariantGroup section */
		5D78FABC29BB124C0006848E /* LaunchScreen.storyboard */ = {
			isa = PBXVariantGroup;
			children = (
				5D78FABD29BB124C0006848E /* Base */,
			);
			name = LaunchScreen.storyboard;
			sourceTree = "<group>";
		};
/* End PBXVariantGroup section */

/* Begin XCBuildConfiguration section */
		5D78FAC029BB124C0006848E /* Debug */ = {
			isa = XCBuildConfiguration;
			buildSettings = {
				ALWAYS_SEARCH_USER_PATHS = NO;
				CLANG_ANALYZER_NONNULL = YES;
				CLANG_ANALYZER_NUMBER_OBJECT_CONVERSION = YES_AGGRESSIVE;
				CLANG_CXX_LANGUAGE_STANDARD = "gnu++20";
				CLANG_ENABLE_MODULES = YES;
				CLANG_ENABLE_OBJC_ARC = YES;
				CLANG_ENABLE_OBJC_WEAK = YES;
				CLANG_WARN_BLOCK_CAPTURE_AUTORELEASING = YES;
				CLANG_WARN_BOOL_CONVERSION = YES;
				CLANG_WARN_COMMA = YES;
				CLANG_WARN_CONSTANT_CONVERSION = YES;
				CLANG_WARN_DEPRECATED_OBJC_IMPLEMENTATIONS = YES;
				CLANG_WARN_DIRECT_OBJC_ISA_USAGE = YES_ERROR;
				CLANG_WARN_DOCUMENTATION_COMMENTS = YES;
				CLANG_WARN_EMPTY_BODY = YES;
				CLANG_WARN_ENUM_CONVERSION = YES;
				CLANG_WARN_INFINITE_RECURSION = YES;
				CLANG_WARN_INT_CONVERSION = YES;
				CLANG_WARN_NON_LITERAL_NULL_CONVERSION = YES;
				CLANG_WARN_OBJC_IMPLICIT_RETAIN_SELF = YES;
				CLANG_WARN_OBJC_LITERAL_CONVERSION = YES;
				CLANG_WARN_OBJC_ROOT_CLASS = YES_ERROR;
				CLANG_WARN_QUOTED_INCLUDE_IN_FRAMEWORK_HEADER = YES;
				CLANG_WARN_RANGE_LOOP_ANALYSIS = YES;
				CLANG_WARN_STRICT_PROTOTYPES = YES;
				CLANG_WARN_SUSPICIOUS_MOVE = YES;
				CLANG_WARN_UNGUARDED_AVAILABILITY = YES_AGGRESSIVE;
				CLANG_WARN_UNREACHABLE_CODE = YES;
				CLANG_WARN__DUPLICATE_METHOD_MATCH = YES;
				COPY_PHASE_STRIP = NO;
				DEBUG_INFORMATION_FORMAT = dwarf;
				ENABLE_STRICT_OBJC_MSGSEND = YES;
				ENABLE_TESTABILITY = YES;
				GCC_C_LANGUAGE_STANDARD = gnu11;
				GCC_DYNAMIC_NO_PIC = NO;
				GCC_NO_COMMON_BLOCKS = YES;
				GCC_OPTIMIZATION_LEVEL = 0;
				GCC_PREPROCESSOR_DEFINITIONS = (
					"DEBUG=1",
					"$(inherited)",
				);
				GCC_WARN_64_TO_32_BIT_CONVERSION = YES;
				GCC_WARN_ABOUT_RETURN_TYPE = YES_ERROR;
				GCC_WARN_UNDECLARED_SELECTOR = YES;
				GCC_WARN_UNINITIALIZED_AUTOS = YES_AGGRESSIVE;
				GCC_WARN_UNUSED_FUNCTION = YES;
				GCC_WARN_UNUSED_VARIABLE = YES;
				IPHONEOS_DEPLOYMENT_TARGET = 16.1;
				MTL_ENABLE_DEBUG_INFO = INCLUDE_SOURCE;
				MTL_FAST_MATH = YES;
				ONLY_ACTIVE_ARCH = YES;
				SDKROOT = iphoneos;
				SWIFT_ACTIVE_COMPILATION_CONDITIONS = DEBUG;
				SWIFT_OPTIMIZATION_LEVEL = "-Onone";
			};
			name = Debug;
		};
		5D78FAC129BB124C0006848E /* Release */ = {
			isa = XCBuildConfiguration;
			buildSettings = {
				ALWAYS_SEARCH_USER_PATHS = NO;
				CLANG_ANALYZER_NONNULL = YES;
				CLANG_ANALYZER_NUMBER_OBJECT_CONVERSION = YES_AGGRESSIVE;
				CLANG_CXX_LANGUAGE_STANDARD = "gnu++20";
				CLANG_ENABLE_MODULES = YES;
				CLANG_ENABLE_OBJC_ARC = YES;
				CLANG_ENABLE_OBJC_WEAK = YES;
				CLANG_WARN_BLOCK_CAPTURE_AUTORELEASING = YES;
				CLANG_WARN_BOOL_CONVERSION = YES;
				CLANG_WARN_COMMA = YES;
				CLANG_WARN_CONSTANT_CONVERSION = YES;
				CLANG_WARN_DEPRECATED_OBJC_IMPLEMENTATIONS = YES;
				CLANG_WARN_DIRECT_OBJC_ISA_USAGE = YES_ERROR;
				CLANG_WARN_DOCUMENTATION_COMMENTS = YES;
				CLANG_WARN_EMPTY_BODY = YES;
				CLANG_WARN_ENUM_CONVERSION = YES;
				CLANG_WARN_INFINITE_RECURSION = YES;
				CLANG_WARN_INT_CONVERSION = YES;
				CLANG_WARN_NON_LITERAL_NULL_CONVERSION = YES;
				CLANG_WARN_OBJC_IMPLICIT_RETAIN_SELF = YES;
				CLANG_WARN_OBJC_LITERAL_CONVERSION = YES;
				CLANG_WARN_OBJC_ROOT_CLASS = YES_ERROR;
				CLANG_WARN_QUOTED_INCLUDE_IN_FRAMEWORK_HEADER = YES;
				CLANG_WARN_RANGE_LOOP_ANALYSIS = YES;
				CLANG_WARN_STRICT_PROTOTYPES = YES;
				CLANG_WARN_SUSPICIOUS_MOVE = YES;
				CLANG_WARN_UNGUARDED_AVAILABILITY = YES_AGGRESSIVE;
				CLANG_WARN_UNREACHABLE_CODE = YES;
				CLANG_WARN__DUPLICATE_METHOD_MATCH = YES;
				COPY_PHASE_STRIP = NO;
				DEBUG_INFORMATION_FORMAT = "dwarf-with-dsym";
				ENABLE_NS_ASSERTIONS = NO;
				ENABLE_STRICT_OBJC_MSGSEND = YES;
				GCC_C_LANGUAGE_STANDARD = gnu11;
				GCC_NO_COMMON_BLOCKS = YES;
				GCC_WARN_64_TO_32_BIT_CONVERSION = YES;
				GCC_WARN_ABOUT_RETURN_TYPE = YES_ERROR;
				GCC_WARN_UNDECLARED_SELECTOR = YES;
				GCC_WARN_UNINITIALIZED_AUTOS = YES_AGGRESSIVE;
				GCC_WARN_UNUSED_FUNCTION = YES;
				GCC_WARN_UNUSED_VARIABLE = YES;
				IPHONEOS_DEPLOYMENT_TARGET = 16.1;
				MTL_ENABLE_DEBUG_INFO = NO;
				MTL_FAST_MATH = YES;
				SDKROOT = iphoneos;
				SWIFT_COMPILATION_MODE = wholemodule;
				SWIFT_OPTIMIZATION_LEVEL = "-O";
				VALIDATE_PRODUCT = YES;
			};
			name = Release;
		};
		5D78FAC329BB124C0006848E /* Debug */ = {
			isa = XCBuildConfiguration;
			buildSettings = {
				ASSETCATALOG_COMPILER_APPICON_NAME = AppIcon;
				ASSETCATALOG_COMPILER_GLOBAL_ACCENT_COLOR_NAME = AccentColor;
				CODE_SIGN_STYLE = Automatic;
				CURRENT_PROJECT_VERSION = 1;
				GENERATE_INFOPLIST_FILE = YES;
				INFOPLIST_FILE = TestTask/Info.plist;
				INFOPLIST_KEY_UIApplicationSupportsIndirectInputEvents = YES;
				INFOPLIST_KEY_UILaunchStoryboardName = LaunchScreen;
				INFOPLIST_KEY_UISupportedInterfaceOrientations_iPad = "UIInterfaceOrientationPortrait UIInterfaceOrientationPortraitUpsideDown UIInterfaceOrientationLandscapeLeft UIInterfaceOrientationLandscapeRight";
				INFOPLIST_KEY_UISupportedInterfaceOrientations_iPhone = "UIInterfaceOrientationPortrait UIInterfaceOrientationLandscapeLeft UIInterfaceOrientationLandscapeRight";
				IPHONEOS_DEPLOYMENT_TARGET = 16.0;
				LD_RUNPATH_SEARCH_PATHS = (
					"$(inherited)",
					"@executable_path/Frameworks",
				);
				MARKETING_VERSION = 1.0;
				PRODUCT_BUNDLE_IDENTIFIER = com.apple.TestTask;
				PRODUCT_NAME = "$(TARGET_NAME)";
				SWIFT_EMIT_LOC_STRINGS = YES;
				SWIFT_VERSION = 5.0;
				TARGETED_DEVICE_FAMILY = "1,2";
			};
			name = Debug;
		};
		5D78FAC429BB124C0006848E /* Release */ = {
			isa = XCBuildConfiguration;
			buildSettings = {
				ASSETCATALOG_COMPILER_APPICON_NAME = AppIcon;
				ASSETCATALOG_COMPILER_GLOBAL_ACCENT_COLOR_NAME = AccentColor;
				CODE_SIGN_STYLE = Automatic;
				CURRENT_PROJECT_VERSION = 1;
				GENERATE_INFOPLIST_FILE = YES;
				INFOPLIST_FILE = TestTask/Info.plist;
				INFOPLIST_KEY_UIApplicationSupportsIndirectInputEvents = YES;
				INFOPLIST_KEY_UILaunchStoryboardName = LaunchScreen;
				INFOPLIST_KEY_UISupportedInterfaceOrientations_iPad = "UIInterfaceOrientationPortrait UIInterfaceOrientationPortraitUpsideDown UIInterfaceOrientationLandscapeLeft UIInterfaceOrientationLandscapeRight";
				INFOPLIST_KEY_UISupportedInterfaceOrientations_iPhone = "UIInterfaceOrientationPortrait UIInterfaceOrientationLandscapeLeft UIInterfaceOrientationLandscapeRight";
				IPHONEOS_DEPLOYMENT_TARGET = 16.0;
				LD_RUNPATH_SEARCH_PATHS = (
					"$(inherited)",
					"@executable_path/Frameworks",
				);
				MARKETING_VERSION = 1.0;
				PRODUCT_BUNDLE_IDENTIFIER = com.apple.TestTask;
				PRODUCT_NAME = "$(TARGET_NAME)";
				SWIFT_EMIT_LOC_STRINGS = YES;
				SWIFT_VERSION = 5.0;
				TARGETED_DEVICE_FAMILY = "1,2";
			};
			name = Release;
		};
/* End XCBuildConfiguration section */

/* Begin XCConfigurationList section */
		5D78FAA929BB12470006848E /* Build configuration list for PBXProject "TestTask" */ = {
			isa = XCConfigurationList;
			buildConfigurations = (
				5D78FAC029BB124C0006848E /* Debug */,
				5D78FAC129BB124C0006848E /* Release */,
			);
			defaultConfigurationIsVisible = 0;
			defaultConfigurationName = Release;
		};
		5D78FAC229BB124C0006848E /* Build configuration list for PBXNativeTarget "TestTask" */ = {
			isa = XCConfigurationList;
			buildConfigurations = (
				5D78FAC329BB124C0006848E /* Debug */,
				5D78FAC429BB124C0006848E /* Release */,
			);
			defaultConfigurationIsVisible = 0;
			defaultConfigurationName = Release;
		};
/* End XCConfigurationList section */
	};
	rootObject = 5D78FAA629BB12470006848E /* Project object */;
}
